// !$*UTF8*$!
{
	archiveVersion = 1;
	classes = {
	};
	objectVersion = 50;
	objects = {

/* Begin PBXBuildFile section */
		1A8FF386220DEDAE00D85871 /* AppDelegate.swift in Sources */ = {isa = PBXBuildFile; fileRef = 1A8FF385220DEDAE00D85871 /* AppDelegate.swift */; };
		1A8FF388220DEDAE00D85871 /* ViewController.swift in Sources */ = {isa = PBXBuildFile; fileRef = 1A8FF387220DEDAE00D85871 /* ViewController.swift */; };
		1A8FF38B220DEDAE00D85871 /* Main.storyboard in Resources */ = {isa = PBXBuildFile; fileRef = 1A8FF389220DEDAE00D85871 /* Main.storyboard */; };
		1A8FF38D220DEDAF00D85871 /* Assets.xcassets in Resources */ = {isa = PBXBuildFile; fileRef = 1A8FF38C220DEDAF00D85871 /* Assets.xcassets */; };
		1A8FF390220DEDAF00D85871 /* LaunchScreen.storyboard in Resources */ = {isa = PBXBuildFile; fileRef = 1A8FF38E220DEDAF00D85871 /* LaunchScreen.storyboard */; };
		1A8FF39B220DEDB000D85871 /* FriendZoneTests.swift in Sources */ = {isa = PBXBuildFile; fileRef = 1A8FF39A220DEDB000D85871 /* FriendZoneTests.swift */; };
		1A8FF3A6220DEF4300D85871 /* Friend.swift in Sources */ = {isa = PBXBuildFile; fileRef = 1A8FF3A5220DEF4300D85871 /* Friend.swift */; };
		1A8FF3A8220DF2F900D85871 /* FriendViewController.swift in Sources */ = {isa = PBXBuildFile; fileRef = 1A8FF3A7220DF2F900D85871 /* FriendViewController.swift */; };
		1A8FF3AA220DF66A00D85871 /* TextTableViewCell.swift in Sources */ = {isa = PBXBuildFile; fileRef = 1A8FF3A9220DF66A00D85871 /* TextTableViewCell.swift */; };
		1A8FF3AC220E00BF00D85871 /* Int.TimeZoneFormating.swift in Sources */ = {isa = PBXBuildFile; fileRef = 1A8FF3AB220E00BF00D85871 /* Int.TimeZoneFormating.swift */; };
		1AA21AFA2212471C0026760F /* Coordinator.swift in Sources */ = {isa = PBXBuildFile; fileRef = 1AA21AF92212471C0026760F /* Coordinator.swift */; };
		1AA21AFC221247750026760F /* MainCoordinator.swift in Sources */ = {isa = PBXBuildFile; fileRef = 1AA21AFB221247750026760F /* MainCoordinator.swift */; };
		1AA21AFE221247FF0026760F /* Storyboarded.swift in Sources */ = {isa = PBXBuildFile; fileRef = 1AA21AFD221247FF0026760F /* Storyboarded.swift */; };
/* End PBXBuildFile section */

/* Begin PBXContainerItemProxy section */
		1A8FF397220DEDB000D85871 /* PBXContainerItemProxy */ = {
			isa = PBXContainerItemProxy;
			containerPortal = 1A8FF37A220DEDAE00D85871 /* Project object */;
			proxyType = 1;
			remoteGlobalIDString = 1A8FF381220DEDAE00D85871;
			remoteInfo = FriendZone;
		};
/* End PBXContainerItemProxy section */

/* Begin PBXFileReference section */
		1A8FF382220DEDAE00D85871 /* FriendZone.app */ = {isa = PBXFileReference; explicitFileType = wrapper.application; includeInIndex = 0; path = FriendZone.app; sourceTree = BUILT_PRODUCTS_DIR; };
		1A8FF385220DEDAE00D85871 /* AppDelegate.swift */ = {isa = PBXFileReference; lastKnownFileType = sourcecode.swift; path = AppDelegate.swift; sourceTree = "<group>"; };
		1A8FF387220DEDAE00D85871 /* ViewController.swift */ = {isa = PBXFileReference; lastKnownFileType = sourcecode.swift; path = ViewController.swift; sourceTree = "<group>"; };
		1A8FF38A220DEDAE00D85871 /* Base */ = {isa = PBXFileReference; lastKnownFileType = file.storyboard; name = Base; path = Base.lproj/Main.storyboard; sourceTree = "<group>"; };
		1A8FF38C220DEDAF00D85871 /* Assets.xcassets */ = {isa = PBXFileReference; lastKnownFileType = folder.assetcatalog; path = Assets.xcassets; sourceTree = "<group>"; };
		1A8FF38F220DEDAF00D85871 /* Base */ = {isa = PBXFileReference; lastKnownFileType = file.storyboard; name = Base; path = Base.lproj/LaunchScreen.storyboard; sourceTree = "<group>"; };
		1A8FF391220DEDAF00D85871 /* Info.plist */ = {isa = PBXFileReference; lastKnownFileType = text.plist.xml; path = Info.plist; sourceTree = "<group>"; };
		1A8FF396220DEDB000D85871 /* FriendZoneTests.xctest */ = {isa = PBXFileReference; explicitFileType = wrapper.cfbundle; includeInIndex = 0; path = FriendZoneTests.xctest; sourceTree = BUILT_PRODUCTS_DIR; };
		1A8FF39A220DEDB000D85871 /* FriendZoneTests.swift */ = {isa = PBXFileReference; lastKnownFileType = sourcecode.swift; path = FriendZoneTests.swift; sourceTree = "<group>"; };
		1A8FF39C220DEDB000D85871 /* Info.plist */ = {isa = PBXFileReference; lastKnownFileType = text.plist.xml; path = Info.plist; sourceTree = "<group>"; };
		1A8FF3A5220DEF4300D85871 /* Friend.swift */ = {isa = PBXFileReference; lastKnownFileType = sourcecode.swift; path = Friend.swift; sourceTree = "<group>"; };
		1A8FF3A7220DF2F900D85871 /* FriendViewController.swift */ = {isa = PBXFileReference; lastKnownFileType = sourcecode.swift; path = FriendViewController.swift; sourceTree = "<group>"; };
		1A8FF3A9220DF66A00D85871 /* TextTableViewCell.swift */ = {isa = PBXFileReference; lastKnownFileType = sourcecode.swift; path = TextTableViewCell.swift; sourceTree = "<group>"; };
		1A8FF3AB220E00BF00D85871 /* Int.TimeZoneFormating.swift */ = {isa = PBXFileReference; lastKnownFileType = sourcecode.swift; path = Int.TimeZoneFormating.swift; sourceTree = "<group>"; };
		1AA21AF92212471C0026760F /* Coordinator.swift */ = {isa = PBXFileReference; lastKnownFileType = sourcecode.swift; path = Coordinator.swift; sourceTree = "<group>"; };
		1AA21AFB221247750026760F /* MainCoordinator.swift */ = {isa = PBXFileReference; lastKnownFileType = sourcecode.swift; path = MainCoordinator.swift; sourceTree = "<group>"; };
		1AA21AFD221247FF0026760F /* Storyboarded.swift */ = {isa = PBXFileReference; lastKnownFileType = sourcecode.swift; path = Storyboarded.swift; sourceTree = "<group>"; };
/* End PBXFileReference section */

/* Begin PBXFrameworksBuildPhase section */
		1A8FF37F220DEDAE00D85871 /* Frameworks */ = {
			isa = PBXFrameworksBuildPhase;
			buildActionMask = 2147483647;
			files = (
			);
			runOnlyForDeploymentPostprocessing = 0;
		};
		1A8FF393220DEDB000D85871 /* Frameworks */ = {
			isa = PBXFrameworksBuildPhase;
			buildActionMask = 2147483647;
			files = (
			);
			runOnlyForDeploymentPostprocessing = 0;
		};
/* End PBXFrameworksBuildPhase section */

/* Begin PBXGroup section */
		1A8FF379220DEDAE00D85871 = {
			isa = PBXGroup;
			children = (
				1A8FF384220DEDAE00D85871 /* FriendZone */,
				1A8FF399220DEDB000D85871 /* FriendZoneTests */,
				1A8FF383220DEDAE00D85871 /* Products */,
			);
			sourceTree = "<group>";
		};
		1A8FF383220DEDAE00D85871 /* Products */ = {
			isa = PBXGroup;
			children = (
				1A8FF382220DEDAE00D85871 /* FriendZone.app */,
				1A8FF396220DEDB000D85871 /* FriendZoneTests.xctest */,
			);
			name = Products;
			sourceTree = "<group>";
		};
		1A8FF384220DEDAE00D85871 /* FriendZone */ = {
			isa = PBXGroup;
			children = (
				1A8FF385220DEDAE00D85871 /* AppDelegate.swift */,
				1A8FF387220DEDAE00D85871 /* ViewController.swift */,
				1A8FF3A7220DF2F900D85871 /* FriendViewController.swift */,
				1A8FF3A5220DEF4300D85871 /* Friend.swift */,
				1A8FF3AB220E00BF00D85871 /* Int.TimeZoneFormating.swift */,
				1A8FF389220DEDAE00D85871 /* Main.storyboard */,
				1A8FF3A9220DF66A00D85871 /* TextTableViewCell.swift */,
				1A8FF38C220DEDAF00D85871 /* Assets.xcassets */,
				1A8FF38E220DEDAF00D85871 /* LaunchScreen.storyboard */,
				1A8FF391220DEDAF00D85871 /* Info.plist */,
				1AA21AF92212471C0026760F /* Coordinator.swift */,
				1AA21AFB221247750026760F /* MainCoordinator.swift */,
				1AA21AFD221247FF0026760F /* Storyboarded.swift */,
			);
			path = FriendZone;
			sourceTree = "<group>";
		};
		1A8FF399220DEDB000D85871 /* FriendZoneTests */ = {
			isa = PBXGroup;
			children = (
				1A8FF39A220DEDB000D85871 /* FriendZoneTests.swift */,
				1A8FF39C220DEDB000D85871 /* Info.plist */,
			);
			path = FriendZoneTests;
			sourceTree = "<group>";
		};
/* End PBXGroup section */

/* Begin PBXNativeTarget section */
		1A8FF381220DEDAE00D85871 /* FriendZone */ = {
			isa = PBXNativeTarget;
			buildConfigurationList = 1A8FF39F220DEDB000D85871 /* Build configuration list for PBXNativeTarget "FriendZone" */;
			buildPhases = (
				1A8FF37E220DEDAE00D85871 /* Sources */,
				1A8FF37F220DEDAE00D85871 /* Frameworks */,
				1A8FF380220DEDAE00D85871 /* Resources */,
			);
			buildRules = (
			);
			dependencies = (
			);
			name = FriendZone;
			productName = FriendZone;
			productReference = 1A8FF382220DEDAE00D85871 /* FriendZone.app */;
			productType = "com.apple.product-type.application";
		};
		1A8FF395220DEDB000D85871 /* FriendZoneTests */ = {
			isa = PBXNativeTarget;
			buildConfigurationList = 1A8FF3A2220DEDB000D85871 /* Build configuration list for PBXNativeTarget "FriendZoneTests" */;
			buildPhases = (
				1A8FF392220DEDB000D85871 /* Sources */,
				1A8FF393220DEDB000D85871 /* Frameworks */,
				1A8FF394220DEDB000D85871 /* Resources */,
			);
			buildRules = (
			);
			dependencies = (
				1A8FF398220DEDB000D85871 /* PBXTargetDependency */,
			);
			name = FriendZoneTests;
			productName = FriendZoneTests;
			productReference = 1A8FF396220DEDB000D85871 /* FriendZoneTests.xctest */;
			productType = "com.apple.product-type.bundle.unit-test";
		};
/* End PBXNativeTarget section */

/* Begin PBXProject section */
		1A8FF37A220DEDAE00D85871 /* Project object */ = {
			isa = PBXProject;
			attributes = {
				LastSwiftUpdateCheck = 1010;
				LastUpgradeCheck = 1010;
				ORGANIZATIONNAME = "Raul Martinez Padilla";
				TargetAttributes = {
					1A8FF381220DEDAE00D85871 = {
						CreatedOnToolsVersion = 10.1;
					};
					1A8FF395220DEDB000D85871 = {
						CreatedOnToolsVersion = 10.1;
						TestTargetID = 1A8FF381220DEDAE00D85871;
					};
				};
			};
			buildConfigurationList = 1A8FF37D220DEDAE00D85871 /* Build configuration list for PBXProject "FriendZone" */;
			compatibilityVersion = "Xcode 9.3";
			developmentRegion = en;
			hasScannedForEncodings = 0;
			knownRegions = (
				en,
				Base,
			);
			mainGroup = 1A8FF379220DEDAE00D85871;
			productRefGroup = 1A8FF383220DEDAE00D85871 /* Products */;
			projectDirPath = "";
			projectRoot = "";
			targets = (
				1A8FF381220DEDAE00D85871 /* FriendZone */,
				1A8FF395220DEDB000D85871 /* FriendZoneTests */,
			);
		};
/* End PBXProject section */

/* Begin PBXResourcesBuildPhase section */
		1A8FF380220DEDAE00D85871 /* Resources */ = {
			isa = PBXResourcesBuildPhase;
			buildActionMask = 2147483647;
			files = (
				1A8FF390220DEDAF00D85871 /* LaunchScreen.storyboard in Resources */,
				1A8FF38D220DEDAF00D85871 /* Assets.xcassets in Resources */,
				1A8FF38B220DEDAE00D85871 /* Main.storyboard in Resources */,
			);
			runOnlyForDeploymentPostprocessing = 0;
		};
		1A8FF394220DEDB000D85871 /* Resources */ = {
			isa = PBXResourcesBuildPhase;
			buildActionMask = 2147483647;
			files = (
			);
			runOnlyForDeploymentPostprocessing = 0;
		};
/* End PBXResourcesBuildPhase section */

/* Begin PBXSourcesBuildPhase section */
		1A8FF37E220DEDAE00D85871 /* Sources */ = {
			isa = PBXSourcesBuildPhase;
			buildActionMask = 2147483647;
			files = (
				1A8FF3A8220DF2F900D85871 /* FriendViewController.swift in Sources */,
				1AA21AFC221247750026760F /* MainCoordinator.swift in Sources */,
				1A8FF3A6220DEF4300D85871 /* Friend.swift in Sources */,
				1A8FF388220DEDAE00D85871 /* ViewController.swift in Sources */,
				1A8FF3AC220E00BF00D85871 /* Int.TimeZoneFormating.swift in Sources */,
				1AA21AFE221247FF0026760F /* Storyboarded.swift in Sources */,
				1A8FF386220DEDAE00D85871 /* AppDelegate.swift in Sources */,
				1A8FF3AA220DF66A00D85871 /* TextTableViewCell.swift in Sources */,
				1AA21AFA2212471C0026760F /* Coordinator.swift in Sources */,
			);
			runOnlyForDeploymentPostprocessing = 0;
		};
		1A8FF392220DEDB000D85871 /* Sources */ = {
			isa = PBXSourcesBuildPhase;
			buildActionMask = 2147483647;
			files = (
				1A8FF39B220DEDB000D85871 /* FriendZoneTests.swift in Sources */,
			);
			runOnlyForDeploymentPostprocessing = 0;
		};
/* End PBXSourcesBuildPhase section */

/* Begin PBXTargetDependency section */
		1A8FF398220DEDB000D85871 /* PBXTargetDependency */ = {
			isa = PBXTargetDependency;
			target = 1A8FF381220DEDAE00D85871 /* FriendZone */;
			targetProxy = 1A8FF397220DEDB000D85871 /* PBXContainerItemProxy */;
		};
/* End PBXTargetDependency section */

/* Begin PBXVariantGroup section */
		1A8FF389220DEDAE00D85871 /* Main.storyboard */ = {
			isa = PBXVariantGroup;
			children = (
				1A8FF38A220DEDAE00D85871 /* Base */,
			);
			name = Main.storyboard;
			sourceTree = "<group>";
		};
		1A8FF38E220DEDAF00D85871 /* LaunchScreen.storyboard */ = {
			isa = PBXVariantGroup;
			children = (
				1A8FF38F220DEDAF00D85871 /* Base */,
			);
			name = LaunchScreen.storyboard;
			sourceTree = "<group>";
		};
/* End PBXVariantGroup section */

/* Begin XCBuildConfiguration section */
		1A8FF39D220DEDB000D85871 /* Debug */ = {
			isa = XCBuildConfiguration;
			buildSettings = {
				ALWAYS_SEARCH_USER_PATHS = NO;
				CLANG_ANALYZER_NONNULL = YES;
				CLANG_ANALYZER_NUMBER_OBJECT_CONVERSION = YES_AGGRESSIVE;
				CLANG_CXX_LANGUAGE_STANDARD = "gnu++14";
				CLANG_CXX_LIBRARY = "libc++";
				CLANG_ENABLE_MODULES = YES;
				CLANG_ENABLE_OBJC_ARC = YES;
				CLANG_ENABLE_OBJC_WEAK = YES;
				CLANG_WARN_BLOCK_CAPTURE_AUTORELEASING = YES;
				CLANG_WARN_BOOL_CONVERSION = YES;
				CLANG_WARN_COMMA = YES;
				CLANG_WARN_CONSTANT_CONVERSION = YES;
				CLANG_WARN_DEPRECATED_OBJC_IMPLEMENTATIONS = YES;
				CLANG_WARN_DIRECT_OBJC_ISA_USAGE = YES_ERROR;
				CLANG_WARN_DOCUMENTATION_COMMENTS = YES;
				CLANG_WARN_EMPTY_BODY = YES;
				CLANG_WARN_ENUM_CONVERSION = YES;
				CLANG_WARN_INFINITE_RECURSION = YES;
				CLANG_WARN_INT_CONVERSION = YES;
				CLANG_WARN_NON_LITERAL_NULL_CONVERSION = YES;
				CLANG_WARN_OBJC_IMPLICIT_RETAIN_SELF = YES;
				CLANG_WARN_OBJC_LITERAL_CONVERSION = YES;
				CLANG_WARN_OBJC_ROOT_CLASS = YES_ERROR;
				CLANG_WARN_RANGE_LOOP_ANALYSIS = YES;
				CLANG_WARN_STRICT_PROTOTYPES = YES;
				CLANG_WARN_SUSPICIOUS_MOVE = YES;
				CLANG_WARN_UNGUARDED_AVAILABILITY = YES_AGGRESSIVE;
				CLANG_WARN_UNREACHABLE_CODE = YES;
				CLANG_WARN__DUPLICATE_METHOD_MATCH = YES;
				CODE_SIGN_IDENTITY = "iPhone Developer";
				COPY_PHASE_STRIP = NO;
				DEBUG_INFORMATION_FORMAT = dwarf;
				ENABLE_STRICT_OBJC_MSGSEND = YES;
				ENABLE_TESTABILITY = YES;
				GCC_C_LANGUAGE_STANDARD = gnu11;
				GCC_DYNAMIC_NO_PIC = NO;
				GCC_NO_COMMON_BLOCKS = YES;
				GCC_OPTIMIZATION_LEVEL = 0;
				GCC_PREPROCESSOR_DEFINITIONS = (
					"DEBUG=1",
					"$(inherited)",
				);
				GCC_WARN_64_TO_32_BIT_CONVERSION = YES;
				GCC_WARN_ABOUT_RETURN_TYPE = YES_ERROR;
				GCC_WARN_UNDECLARED_SELECTOR = YES;
				GCC_WARN_UNINITIALIZED_AUTOS = YES_AGGRESSIVE;
				GCC_WARN_UNUSED_FUNCTION = YES;
				GCC_WARN_UNUSED_VARIABLE = YES;
				IPHONEOS_DEPLOYMENT_TARGET = 12.1;
				MTL_ENABLE_DEBUG_INFO = INCLUDE_SOURCE;
				MTL_FAST_MATH = YES;
				ONLY_ACTIVE_ARCH = YES;
				SDKROOT = iphoneos;
				SWIFT_ACTIVE_COMPILATION_CONDITIONS = DEBUG;
				SWIFT_OPTIMIZATION_LEVEL = "-Onone";
			};
			name = Debug;
		};
		1A8FF39E220DEDB000D85871 /* Release */ = {
			isa = XCBuildConfiguration;
			buildSettings = {
				ALWAYS_SEARCH_USER_PATHS = NO;
				CLANG_ANALYZER_NONNULL = YES;
				CLANG_ANALYZER_NUMBER_OBJECT_CONVERSION = YES_AGGRESSIVE;
				CLANG_CXX_LANGUAGE_STANDARD = "gnu++14";
				CLANG_CXX_LIBRARY = "libc++";
				CLANG_ENABLE_MODULES = YES;
				CLANG_ENABLE_OBJC_ARC = YES;
				CLANG_ENABLE_OBJC_WEAK = YES;
				CLANG_WARN_BLOCK_CAPTURE_AUTORELEASING = YES;
				CLANG_WARN_BOOL_CONVERSION = YES;
				CLANG_WARN_COMMA = YES;
				CLANG_WARN_CONSTANT_CONVERSION = YES;
				CLANG_WARN_DEPRECATED_OBJC_IMPLEMENTATIONS = YES;
				CLANG_WARN_DIRECT_OBJC_ISA_USAGE = YES_ERROR;
				CLANG_WARN_DOCUMENTATION_COMMENTS = YES;
				CLANG_WARN_EMPTY_BODY = YES;
				CLANG_WARN_ENUM_CONVERSION = YES;
				CLANG_WARN_INFINITE_RECURSION = YES;
				CLANG_WARN_INT_CONVERSION = YES;
				CLANG_WARN_NON_LITERAL_NULL_CONVERSION = YES;
				CLANG_WARN_OBJC_IMPLICIT_RETAIN_SELF = YES;
				CLANG_WARN_OBJC_LITERAL_CONVERSION = YES;
				CLANG_WARN_OBJC_ROOT_CLASS = YES_ERROR;
				CLANG_WARN_RANGE_LOOP_ANALYSIS = YES;
				CLANG_WARN_STRICT_PROTOTYPES = YES;
				CLANG_WARN_SUSPICIOUS_MOVE = YES;
				CLANG_WARN_UNGUARDED_AVAILABILITY = YES_AGGRESSIVE;
				CLANG_WARN_UNREACHABLE_CODE = YES;
				CLANG_WARN__DUPLICATE_METHOD_MATCH = YES;
				CODE_SIGN_IDENTITY = "iPhone Developer";
				COPY_PHASE_STRIP = NO;
				DEBUG_INFORMATION_FORMAT = "dwarf-with-dsym";
				ENABLE_NS_ASSERTIONS = NO;
				ENABLE_STRICT_OBJC_MSGSEND = YES;
				GCC_C_LANGUAGE_STANDARD = gnu11;
				GCC_NO_COMMON_BLOCKS = YES;
				GCC_WARN_64_TO_32_BIT_CONVERSION = YES;
				GCC_WARN_ABOUT_RETURN_TYPE = YES_ERROR;
				GCC_WARN_UNDECLARED_SELECTOR = YES;
				GCC_WARN_UNINITIALIZED_AUTOS = YES_AGGRESSIVE;
				GCC_WARN_UNUSED_FUNCTION = YES;
				GCC_WARN_UNUSED_VARIABLE = YES;
				IPHONEOS_DEPLOYMENT_TARGET = 12.1;
				MTL_ENABLE_DEBUG_INFO = NO;
				MTL_FAST_MATH = YES;
				SDKROOT = iphoneos;
				SWIFT_COMPILATION_MODE = wholemodule;
				SWIFT_OPTIMIZATION_LEVEL = "-O";
				VALIDATE_PRODUCT = YES;
			};
			name = Release;
		};
		1A8FF3A0220DEDB000D85871 /* Debug */ = {
			isa = XCBuildConfiguration;
			buildSettings = {
				ASSETCATALOG_COMPILER_APPICON_NAME = AppIcon;
				CODE_SIGN_STYLE = Automatic;
				DEVELOPMENT_TEAM = 8TZ5KWSLJQ;
				INFOPLIST_FILE = FriendZone/Info.plist;
				LD_RUNPATH_SEARCH_PATHS = (
					"$(inherited)",
					"@executable_path/Frameworks",
				);
				PRODUCT_BUNDLE_IDENTIFIER = com.deceroainfinito.FriendZone;
				PRODUCT_NAME = "$(TARGET_NAME)";
				SWIFT_VERSION = 4.2;
				TARGETED_DEVICE_FAMILY = "1,2";
			};
			name = Debug;
		};
		1A8FF3A1220DEDB000D85871 /* Release */ = {
			isa = XCBuildConfiguration;
			buildSettings = {
				ASSETCATALOG_COMPILER_APPICON_NAME = AppIcon;
				CODE_SIGN_STYLE = Automatic;
				DEVELOPMENT_TEAM = 8TZ5KWSLJQ;
				INFOPLIST_FILE = FriendZone/Info.plist;
				LD_RUNPATH_SEARCH_PATHS = (
					"$(inherited)",
					"@executable_path/Frameworks",
				);
				PRODUCT_BUNDLE_IDENTIFIER = com.deceroainfinito.FriendZone;
				PRODUCT_NAME = "$(TARGET_NAME)";
				SWIFT_VERSION = 4.2;
				TARGETED_DEVICE_FAMILY = "1,2";
			};
			name = Release;
		};
		1A8FF3A3220DEDB000D85871 /* Debug */ = {
			isa = XCBuildConfiguration;
			buildSettings = {
				ALWAYS_EMBED_SWIFT_STANDARD_LIBRARIES = YES;
				BUNDLE_LOADER = "$(TEST_HOST)";
				CODE_SIGN_STYLE = Automatic;
				DEVELOPMENT_TEAM = 8TZ5KWSLJQ;
				INFOPLIST_FILE = FriendZoneTests/Info.plist;
				LD_RUNPATH_SEARCH_PATHS = (
					"$(inherited)",
					"@executable_path/Frameworks",
					"@loader_path/Frameworks",
				);
				PRODUCT_BUNDLE_IDENTIFIER = com.deceroainfinito.FriendZoneTests;
				PRODUCT_NAME = "$(TARGET_NAME)";
				SWIFT_VERSION = 4.2;
				TARGETED_DEVICE_FAMILY = "1,2";
				TEST_HOST = "$(BUILT_PRODUCTS_DIR)/FriendZone.app/FriendZone";
			};
			name = Debug;
		};
		1A8FF3A4220DEDB000D85871 /* Release */ = {
			isa = XCBuildConfiguration;
			buildSettings = {
				ALWAYS_EMBED_SWIFT_STANDARD_LIBRARIES = YES;
				BUNDLE_LOADER = "$(TEST_HOST)";
				CODE_SIGN_STYLE = Automatic;
				DEVELOPMENT_TEAM = 8TZ5KWSLJQ;
				INFOPLIST_FILE = FriendZoneTests/Info.plist;
				LD_RUNPATH_SEARCH_PATHS = (
					"$(inherited)",
					"@executable_path/Frameworks",
					"@loader_path/Frameworks",
				);
				PRODUCT_BUNDLE_IDENTIFIER = com.deceroainfinito.FriendZoneTests;
				PRODUCT_NAME = "$(TARGET_NAME)";
				SWIFT_VERSION = 4.2;
				TARGETED_DEVICE_FAMILY = "1,2";
				TEST_HOST = "$(BUILT_PRODUCTS_DIR)/FriendZone.app/FriendZone";
			};
			name = Release;
		};
/* End XCBuildConfiguration section */

/* Begin XCConfigurationList section */
		1A8FF37D220DEDAE00D85871 /* Build configuration list for PBXProject "FriendZone" */ = {
			isa = XCConfigurationList;
			buildConfigurations = (
				1A8FF39D220DEDB000D85871 /* Debug */,
				1A8FF39E220DEDB000D85871 /* Release */,
			);
			defaultConfigurationIsVisible = 0;
			defaultConfigurationName = Release;
		};
		1A8FF39F220DEDB000D85871 /* Build configuration list for PBXNativeTarget "FriendZone" */ = {
			isa = XCConfigurationList;
			buildConfigurations = (
				1A8FF3A0220DEDB000D85871 /* Debug */,
				1A8FF3A1220DEDB000D85871 /* Release */,
			);
			defaultConfigurationIsVisible = 0;
			defaultConfigurationName = Release;
		};
		1A8FF3A2220DEDB000D85871 /* Build configuration list for PBXNativeTarget "FriendZoneTests" */ = {
			isa = XCConfigurationList;
			buildConfigurations = (
				1A8FF3A3220DEDB000D85871 /* Debug */,
				1A8FF3A4220DEDB000D85871 /* Release */,
			);
			defaultConfigurationIsVisible = 0;
			defaultConfigurationName = Release;
		};
/* End XCConfigurationList section */
	};
	rootObject = 1A8FF37A220DEDAE00D85871 /* Project object */;
}
